
Microsoft Visual Studio Solution File, Format Version 12.00
# Visual Studio Version 17
VisualStudioVersion = 17.4.33103.184
MinimumVisualStudioVersion = 10.0.40219.1
Project("{FAE04EC0-301F-11D3-BF4B-00C04F79EFBC}") = "MinimalUserApi", "MinimalUserApi.csproj", "{B9BDC44F-E38B-448D-93F5-10DCD61895DA}"
EndProject
Global
	GlobalSection(SolutionConfigurationPlatforms) = preSolution
		Debug|Any CPU = Debug|Any CPU
		Release|Any CPU = Release|Any CPU
	EndGlobalSection
	GlobalSection(ProjectConfigurationPlatforms) = postSolution
		{B9BDC44F-E38B-448D-93F5-10DCD61895DA}.Debug|Any CPU.ActiveCfg = Debug|Any CPU
		{B9BDC44F-E38B-448D-93F5-10DCD61895DA}.Debug|Any CPU.Build.0 = Debug|Any CPU
		{B9BDC44F-E38B-448D-93F5-10DCD61895DA}.Release|Any CPU.ActiveCfg = Release|Any CPU
		{B9BDC44F-E38B-448D-93F5-10DCD61895DA}.Release|Any CPU.Build.0 = Release|Any CPU
	EndGlobalSection
	GlobalSection(SolutionProperties) = preSolution
		HideSolutionNode = FALSE
	EndGlobalSection
	GlobalSection(ExtensibilityGlobals) = postSolution
		SolutionGuid = {4D26C8C6-26A2-4ADB-BD97-411AE8D0DC85}
	EndGlobalSection
EndGlobal
